
Microsoft Visual Studio Solution File, Format Version 12.00
# Visual Studio 14
VisualStudioVersion = 14.0.25420.1
MinimumVisualStudioVersion = 10.0.40219.1
Project("{FAE04EC0-301F-11D3-BF4B-00C04F79EFBC}") = "Jan2018DemoWebsite", "Jan2018DemoWebsite\Jan2018DemoWebsite.csproj", "{F40E1DBE-AD52-4FF6-B2EF-F5CF15CACB21}"
EndProject
Project("{FAE04EC0-301F-11D3-BF4B-00C04F79EFBC}") = "ChinookSystem", "ChinookSystem\ChinookSystem.csproj", "{59EE60E8-8161-44EC-A1F5-E6EB308071C1}"
EndProject
Project("{FAE04EC0-301F-11D3-BF4B-00C04F79EFBC}") = "Chinook.Data", "Chinook.Data\Chinook.Data.csproj", "{B6E85D59-FBA8-4BF4-B384-F893BA7E2F5B}"
EndProject
Project("{FAE04EC0-301F-11D3-BF4B-00C04F79EFBC}") = "AppSecurity", "AppSecurity\AppSecurity.csproj", "{A6A70E05-9C9E-4DC3-BA02-CCBA45482A08}"
EndProject
Global
	GlobalSection(SolutionConfigurationPlatforms) = preSolution
		Debug|Any CPU = Debug|Any CPU
		Release|Any CPU = Release|Any CPU
	EndGlobalSection
	GlobalSection(ProjectConfigurationPlatforms) = postSolution
		{F40E1DBE-AD52-4FF6-B2EF-F5CF15CACB21}.Debug|Any CPU.ActiveCfg = Debug|Any CPU
		{F40E1DBE-AD52-4FF6-B2EF-F5CF15CACB21}.Debug|Any CPU.Build.0 = Debug|Any CPU
		{F40E1DBE-AD52-4FF6-B2EF-F5CF15CACB21}.Release|Any CPU.ActiveCfg = Release|Any CPU
		{F40E1DBE-AD52-4FF6-B2EF-F5CF15CACB21}.Release|Any CPU.Build.0 = Release|Any CPU
		{59EE60E8-8161-44EC-A1F5-E6EB308071C1}.Debug|Any CPU.ActiveCfg = Debug|Any CPU
		{59EE60E8-8161-44EC-A1F5-E6EB308071C1}.Debug|Any CPU.Build.0 = Debug|Any CPU
		{59EE60E8-8161-44EC-A1F5-E6EB308071C1}.Release|Any CPU.ActiveCfg = Release|Any CPU
		{59EE60E8-8161-44EC-A1F5-E6EB308071C1}.Release|Any CPU.Build.0 = Release|Any CPU
		{B6E85D59-FBA8-4BF4-B384-F893BA7E2F5B}.Debug|Any CPU.ActiveCfg = Debug|Any CPU
		{B6E85D59-FBA8-4BF4-B384-F893BA7E2F5B}.Debug|Any CPU.Build.0 = Debug|Any CPU
		{B6E85D59-FBA8-4BF4-B384-F893BA7E2F5B}.Release|Any CPU.ActiveCfg = Release|Any CPU
		{B6E85D59-FBA8-4BF4-B384-F893BA7E2F5B}.Release|Any CPU.Build.0 = Release|Any CPU
		{A6A70E05-9C9E-4DC3-BA02-CCBA45482A08}.Debug|Any CPU.ActiveCfg = Debug|Any CPU
		{A6A70E05-9C9E-4DC3-BA02-CCBA45482A08}.Debug|Any CPU.Build.0 = Debug|Any CPU
		{A6A70E05-9C9E-4DC3-BA02-CCBA45482A08}.Release|Any CPU.ActiveCfg = Release|Any CPU
		{A6A70E05-9C9E-4DC3-BA02-CCBA45482A08}.Release|Any CPU.Build.0 = Release|Any CPU
	EndGlobalSection
	GlobalSection(SolutionProperties) = preSolution
		HideSolutionNode = FALSE
	EndGlobalSection
EndGlobal
